
Microsoft Visual Studio Solution File, Format Version 12.00
# Visual Studio Version 16
VisualStudioVersion = 16.0.31005.135
MinimumVisualStudioVersion = 10.0.40219.1
Project("{FAE04EC0-301F-11D3-BF4B-00C04F79EFBC}") = "LimitlessContainerSpace", "LimitlessContainerSpace.csproj", "{7D71F26D-1888-4237-8859-D6898D9E628C}"
EndProject
Global
	GlobalSection(SolutionConfigurationPlatforms) = preSolution
		Debug|Any CPU = Debug|Any CPU
		Release|Any CPU = Release|Any CPU
	EndGlobalSection
	GlobalSection(ProjectConfigurationPlatforms) = postSolution
		{7D71F26D-1888-4237-8859-D6898D9E628C}.Debug|Any CPU.ActiveCfg = Debug|Any CPU
		{7D71F26D-1888-4237-8859-D6898D9E628C}.Debug|Any CPU.Build.0 = Debug|Any CPU
		{7D71F26D-1888-4237-8859-D6898D9E628C}.Release|Any CPU.ActiveCfg = Release|Any CPU
		{7D71F26D-1888-4237-8859-D6898D9E628C}.Release|Any CPU.Build.0 = Release|Any CPU
	EndGlobalSection
	GlobalSection(SolutionProperties) = preSolution
		HideSolutionNode = FALSE
	EndGlobalSection
	GlobalSection(ExtensibilityGlobals) = postSolution
		SolutionGuid = {E7D3BE67-9E99-4ECF-B6C5-FFBC8CB4F8AD}
	EndGlobalSection
EndGlobal
